// !$*UTF8*$!
{
	archiveVersion = 1;
	classes = {
	};
	objectVersion = 50;
	objects = {

/* Begin PBXBuildFile section */
		6D9B89CC21EACF70001FEDDB /* AppDelegate.swift in Sources */ = {isa = PBXBuildFile; fileRef = 6D9B89CB21EACF70001FEDDB /* AppDelegate.swift */; };
		6D9B89CE21EACF70001FEDDB /* ViewController.swift in Sources */ = {isa = PBXBuildFile; fileRef = 6D9B89CD21EACF70001FEDDB /* ViewController.swift */; };
		6D9B89D121EACF70001FEDDB /* Main.storyboard in Resources */ = {isa = PBXBuildFile; fileRef = 6D9B89CF21EACF70001FEDDB /* Main.storyboard */; };
		6D9B89D321EACF72001FEDDB /* Assets.xcassets in Resources */ = {isa = PBXBuildFile; fileRef = 6D9B89D221EACF72001FEDDB /* Assets.xcassets */; };
		6D9B89D621EACF72001FEDDB /* LaunchScreen.storyboard in Resources */ = {isa = PBXBuildFile; fileRef = 6D9B89D421EACF72001FEDDB /* LaunchScreen.storyboard */; };
		6D9B89E121EACF72001FEDDB /* FlixTests.swift in Sources */ = {isa = PBXBuildFile; fileRef = 6D9B89E021EACF72001FEDDB /* FlixTests.swift */; };
		6D9B89EC21EACF72001FEDDB /* FlixUITests.swift in Sources */ = {isa = PBXBuildFile; fileRef = 6D9B89EB21EACF72001FEDDB /* FlixUITests.swift */; };
/* End PBXBuildFile section */

/* Begin PBXContainerItemProxy section */
		6D9B89DD21EACF72001FEDDB /* PBXContainerItemProxy */ = {
			isa = PBXContainerItemProxy;
			containerPortal = 6D9B89C021EACF70001FEDDB /* Project object */;
			proxyType = 1;
			remoteGlobalIDString = 6D9B89C721EACF70001FEDDB;
			remoteInfo = Flix;
		};
		6D9B89E821EACF72001FEDDB /* PBXContainerItemProxy */ = {
			isa = PBXContainerItemProxy;
			containerPortal = 6D9B89C021EACF70001FEDDB /* Project object */;
			proxyType = 1;
			remoteGlobalIDString = 6D9B89C721EACF70001FEDDB;
			remoteInfo = Flix;
		};
/* End PBXContainerItemProxy section */

/* Begin PBXFileReference section */
		6D9B89C821EACF70001FEDDB /* Flix.app */ = {isa = PBXFileReference; explicitFileType = wrapper.application; includeInIndex = 0; path = Flix.app; sourceTree = BUILT_PRODUCTS_DIR; };
		6D9B89CB21EACF70001FEDDB /* AppDelegate.swift */ = {isa = PBXFileReference; lastKnownFileType = sourcecode.swift; path = AppDelegate.swift; sourceTree = "<group>"; };
		6D9B89CD21EACF70001FEDDB /* ViewController.swift */ = {isa = PBXFileReference; lastKnownFileType = sourcecode.swift; path = ViewController.swift; sourceTree = "<group>"; };
		6D9B89D021EACF70001FEDDB /* Base */ = {isa = PBXFileReference; lastKnownFileType = file.storyboard; name = Base; path = Base.lproj/Main.storyboard; sourceTree = "<group>"; };
		6D9B89D221EACF72001FEDDB /* Assets.xcassets */ = {isa = PBXFileReference; lastKnownFileType = folder.assetcatalog; path = Assets.xcassets; sourceTree = "<group>"; };
		6D9B89D521EACF72001FEDDB /* Base */ = {isa = PBXFileReference; lastKnownFileType = file.storyboard; name = Base; path = Base.lproj/LaunchScreen.storyboard; sourceTree = "<group>"; };
		6D9B89D721EACF72001FEDDB /* Info.plist */ = {isa = PBXFileReference; lastKnownFileType = text.plist.xml; path = Info.plist; sourceTree = "<group>"; };
		6D9B89DC21EACF72001FEDDB /* FlixTests.xctest */ = {isa = PBXFileReference; explicitFileType = wrapper.cfbundle; includeInIndex = 0; path = FlixTests.xctest; sourceTree = BUILT_PRODUCTS_DIR; };
		6D9B89E021EACF72001FEDDB /* FlixTests.swift */ = {isa = PBXFileReference; lastKnownFileType = sourcecode.swift; path = FlixTests.swift; sourceTree = "<group>"; };
		6D9B89E221EACF72001FEDDB /* Info.plist */ = {isa = PBXFileReference; lastKnownFileType = text.plist.xml; path = Info.plist; sourceTree = "<group>"; };
		6D9B89E721EACF72001FEDDB /* FlixUITests.xctest */ = {isa = PBXFileReference; explicitFileType = wrapper.cfbundle; includeInIndex = 0; path = FlixUITests.xctest; sourceTree = BUILT_PRODUCTS_DIR; };
		6D9B89EB21EACF72001FEDDB /* FlixUITests.swift */ = {isa = PBXFileReference; lastKnownFileType = sourcecode.swift; path = FlixUITests.swift; sourceTree = "<group>"; };
		6D9B89ED21EACF72001FEDDB /* Info.plist */ = {isa = PBXFileReference; lastKnownFileType = text.plist.xml; path = Info.plist; sourceTree = "<group>"; };
/* End PBXFileReference section */

/* Begin PBXFrameworksBuildPhase section */
		6D9B89C521EACF70001FEDDB /* Frameworks */ = {
			isa = PBXFrameworksBuildPhase;
			buildActionMask = 2147483647;
			files = (
			);
			runOnlyForDeploymentPostprocessing = 0;
		};
		6D9B89D921EACF72001FEDDB /* Frameworks */ = {
			isa = PBXFrameworksBuildPhase;
			buildActionMask = 2147483647;
			files = (
			);
			runOnlyForDeploymentPostprocessing = 0;
		};
		6D9B89E421EACF72001FEDDB /* Frameworks */ = {
			isa = PBXFrameworksBuildPhase;
			buildActionMask = 2147483647;
			files = (
			);
			runOnlyForDeploymentPostprocessing = 0;
		};
/* End PBXFrameworksBuildPhase section */

/* Begin PBXGroup section */
		6D9B89BF21EACF70001FEDDB = {
			isa = PBXGroup;
			children = (
				6D9B89CA21EACF70001FEDDB /* Flix */,
				6D9B89DF21EACF72001FEDDB /* FlixTests */,
				6D9B89EA21EACF72001FEDDB /* FlixUITests */,
				6D9B89C921EACF70001FEDDB /* Products */,
			);
			sourceTree = "<group>";
		};
		6D9B89C921EACF70001FEDDB /* Products */ = {
			isa = PBXGroup;
			children = (
				6D9B89C821EACF70001FEDDB /* Flix.app */,
				6D9B89DC21EACF72001FEDDB /* FlixTests.xctest */,
				6D9B89E721EACF72001FEDDB /* FlixUITests.xctest */,
			);
			name = Products;
			sourceTree = "<group>";
		};
		6D9B89CA21EACF70001FEDDB /* Flix */ = {
			isa = PBXGroup;
			children = (
				6D9B89CB21EACF70001FEDDB /* AppDelegate.swift */,
				6D9B89CD21EACF70001FEDDB /* ViewController.swift */,
				6D9B89CF21EACF70001FEDDB /* Main.storyboard */,
				6D9B89D221EACF72001FEDDB /* Assets.xcassets */,
				6D9B89D421EACF72001FEDDB /* LaunchScreen.storyboard */,
				6D9B89D721EACF72001FEDDB /* Info.plist */,
			);
			path = Flix;
			sourceTree = "<group>";
		};
		6D9B89DF21EACF72001FEDDB /* FlixTests */ = {
			isa = PBXGroup;
			children = (
				6D9B89E021EACF72001FEDDB /* FlixTests.swift */,
				6D9B89E221EACF72001FEDDB /* Info.plist */,
			);
			path = FlixTests;
			sourceTree = "<group>";
		};
		6D9B89EA21EACF72001FEDDB /* FlixUITests */ = {
			isa = PBXGroup;
			children = (
				6D9B89EB21EACF72001FEDDB /* FlixUITests.swift */,
				6D9B89ED21EACF72001FEDDB /* Info.plist */,
			);
			path = FlixUITests;
			sourceTree = "<group>";
		};
/* End PBXGroup section */

/* Begin PBXNativeTarget section */
		6D9B89C721EACF70001FEDDB /* Flix */ = {
			isa = PBXNativeTarget;
			buildConfigurationList = 6D9B89F021EACF72001FEDDB /* Build configuration list for PBXNativeTarget "Flix" */;
			buildPhases = (
				6D9B89C421EACF70001FEDDB /* Sources */,
				6D9B89C521EACF70001FEDDB /* Frameworks */,
				6D9B89C621EACF70001FEDDB /* Resources */,
			);
			buildRules = (
			);
			dependencies = (
			);
			name = Flix;
			productName = Flix;
			productReference = 6D9B89C821EACF70001FEDDB /* Flix.app */;
			productType = "com.apple.product-type.application";
		};
		6D9B89DB21EACF72001FEDDB /* FlixTests */ = {
			isa = PBXNativeTarget;
			buildConfigurationList = 6D9B89F321EACF72001FEDDB /* Build configuration list for PBXNativeTarget "FlixTests" */;
			buildPhases = (
				6D9B89D821EACF72001FEDDB /* Sources */,
				6D9B89D921EACF72001FEDDB /* Frameworks */,
				6D9B89DA21EACF72001FEDDB /* Resources */,
			);
			buildRules = (
			);
			dependencies = (
				6D9B89DE21EACF72001FEDDB /* PBXTargetDependency */,
			);
			name = FlixTests;
			productName = FlixTests;
			productReference = 6D9B89DC21EACF72001FEDDB /* FlixTests.xctest */;
			productType = "com.apple.product-type.bundle.unit-test";
		};
		6D9B89E621EACF72001FEDDB /* FlixUITests */ = {
			isa = PBXNativeTarget;
			buildConfigurationList = 6D9B89F621EACF72001FEDDB /* Build configuration list for PBXNativeTarget "FlixUITests" */;
			buildPhases = (
				6D9B89E321EACF72001FEDDB /* Sources */,
				6D9B89E421EACF72001FEDDB /* Frameworks */,
				6D9B89E521EACF72001FEDDB /* Resources */,
			);
			buildRules = (
			);
			dependencies = (
				6D9B89E921EACF72001FEDDB /* PBXTargetDependency */,
			);
			name = FlixUITests;
			productName = FlixUITests;
			productReference = 6D9B89E721EACF72001FEDDB /* FlixUITests.xctest */;
			productType = "com.apple.product-type.bundle.ui-testing";
		};
/* End PBXNativeTarget section */

/* Begin PBXProject section */
		6D9B89C021EACF70001FEDDB /* Project object */ = {
			isa = PBXProject;
			attributes = {
				LastSwiftUpdateCheck = 1010;
				LastUpgradeCheck = 1010;
				ORGANIZATIONNAME = "Derek Chang";
				TargetAttributes = {
					6D9B89C721EACF70001FEDDB = {
						CreatedOnToolsVersion = 10.1;
					};
					6D9B89DB21EACF72001FEDDB = {
						CreatedOnToolsVersion = 10.1;
						TestTargetID = 6D9B89C721EACF70001FEDDB;
					};
					6D9B89E621EACF72001FEDDB = {
						CreatedOnToolsVersion = 10.1;
						TestTargetID = 6D9B89C721EACF70001FEDDB;
					};
				};
			};
			buildConfigurationList = 6D9B89C321EACF70001FEDDB /* Build configuration list for PBXProject "Flix" */;
			compatibilityVersion = "Xcode 9.3";
			developmentRegion = en;
			hasScannedForEncodings = 0;
			knownRegions = (
				en,
				Base,
			);
			mainGroup = 6D9B89BF21EACF70001FEDDB;
			productRefGroup = 6D9B89C921EACF70001FEDDB /* Products */;
			projectDirPath = "";
			projectRoot = "";
			targets = (
				6D9B89C721EACF70001FEDDB /* Flix */,
				6D9B89DB21EACF72001FEDDB /* FlixTests */,
				6D9B89E621EACF72001FEDDB /* FlixUITests */,
			);
		};
/* End PBXProject section */

/* Begin PBXResourcesBuildPhase section */
		6D9B89C621EACF70001FEDDB /* Resources */ = {
			isa = PBXResourcesBuildPhase;
			buildActionMask = 2147483647;
			files = (
				6D9B89D621EACF72001FEDDB /* LaunchScreen.storyboard in Resources */,
				6D9B89D321EACF72001FEDDB /* Assets.xcassets in Resources */,
				6D9B89D121EACF70001FEDDB /* Main.storyboard in Resources */,
			);
			runOnlyForDeploymentPostprocessing = 0;
		};
		6D9B89DA21EACF72001FEDDB /* Resources */ = {
			isa = PBXResourcesBuildPhase;
			buildActionMask = 2147483647;
			files = (
			);
			runOnlyForDeploymentPostprocessing = 0;
		};
		6D9B89E521EACF72001FEDDB /* Resources */ = {
			isa = PBXResourcesBuildPhase;
			buildActionMask = 2147483647;
			files = (
			);
			runOnlyForDeploymentPostprocessing = 0;
		};
/* End PBXResourcesBuildPhase section */

/* Begin PBXSourcesBuildPhase section */
		6D9B89C421EACF70001FEDDB /* Sources */ = {
			isa = PBXSourcesBuildPhase;
			buildActionMask = 2147483647;
			files = (
				6D9B89CE21EACF70001FEDDB /* ViewController.swift in Sources */,
				6D9B89CC21EACF70001FEDDB /* AppDelegate.swift in Sources */,
			);
			runOnlyForDeploymentPostprocessing = 0;
		};
		6D9B89D821EACF72001FEDDB /* Sources */ = {
			isa = PBXSourcesBuildPhase;
			buildActionMask = 2147483647;
			files = (
				6D9B89E121EACF72001FEDDB /* FlixTests.swift in Sources */,
			);
			runOnlyForDeploymentPostprocessing = 0;
		};
		6D9B89E321EACF72001FEDDB /* Sources */ = {
			isa = PBXSourcesBuildPhase;
			buildActionMask = 2147483647;
			files = (
				6D9B89EC21EACF72001FEDDB /* FlixUITests.swift in Sources */,
			);
			runOnlyForDeploymentPostprocessing = 0;
		};
/* End PBXSourcesBuildPhase section */

/* Begin PBXTargetDependency section */
		6D9B89DE21EACF72001FEDDB /* PBXTargetDependency */ = {
			isa = PBXTargetDependency;
			target = 6D9B89C721EACF70001FEDDB /* Flix */;
			targetProxy = 6D9B89DD21EACF72001FEDDB /* PBXContainerItemProxy */;
		};
		6D9B89E921EACF72001FEDDB /* PBXTargetDependency */ = {
			isa = PBXTargetDependency;
			target = 6D9B89C721EACF70001FEDDB /* Flix */;
			targetProxy = 6D9B89E821EACF72001FEDDB /* PBXContainerItemProxy */;
		};
/* End PBXTargetDependency section */

/* Begin PBXVariantGroup section */
		6D9B89CF21EACF70001FEDDB /* Main.storyboard */ = {
			isa = PBXVariantGroup;
			children = (
				6D9B89D021EACF70001FEDDB /* Base */,
			);
			name = Main.storyboard;
			sourceTree = "<group>";
		};
		6D9B89D421EACF72001FEDDB /* LaunchScreen.storyboard */ = {
			isa = PBXVariantGroup;
			children = (
				6D9B89D521EACF72001FEDDB /* Base */,
			);
			name = LaunchScreen.storyboard;
			sourceTree = "<group>";
		};
/* End PBXVariantGroup section */

/* Begin XCBuildConfiguration section */
		6D9B89EE21EACF72001FEDDB /* Debug */ = {
			isa = XCBuildConfiguration;
			buildSettings = {
				ALWAYS_SEARCH_USER_PATHS = NO;
				CLANG_ANALYZER_NONNULL = YES;
				CLANG_ANALYZER_NUMBER_OBJECT_CONVERSION = YES_AGGRESSIVE;
				CLANG_CXX_LANGUAGE_STANDARD = "gnu++14";
				CLANG_CXX_LIBRARY = "libc++";
				CLANG_ENABLE_MODULES = YES;
				CLANG_ENABLE_OBJC_ARC = YES;
				CLANG_ENABLE_OBJC_WEAK = YES;
				CLANG_WARN_BLOCK_CAPTURE_AUTORELEASING = YES;
				CLANG_WARN_BOOL_CONVERSION = YES;
				CLANG_WARN_COMMA = YES;
				CLANG_WARN_CONSTANT_CONVERSION = YES;
				CLANG_WARN_DEPRECATED_OBJC_IMPLEMENTATIONS = YES;
				CLANG_WARN_DIRECT_OBJC_ISA_USAGE = YES_ERROR;
				CLANG_WARN_DOCUMENTATION_COMMENTS = YES;
				CLANG_WARN_EMPTY_BODY = YES;
				CLANG_WARN_ENUM_CONVERSION = YES;
				CLANG_WARN_INFINITE_RECURSION = YES;
				CLANG_WARN_INT_CONVERSION = YES;
				CLANG_WARN_NON_LITERAL_NULL_CONVERSION = YES;
				CLANG_WARN_OBJC_IMPLICIT_RETAIN_SELF = YES;
				CLANG_WARN_OBJC_LITERAL_CONVERSION = YES;
				CLANG_WARN_OBJC_ROOT_CLASS = YES_ERROR;
				CLANG_WARN_RANGE_LOOP_ANALYSIS = YES;
				CLANG_WARN_STRICT_PROTOTYPES = YES;
				CLANG_WARN_SUSPICIOUS_MOVE = YES;
				CLANG_WARN_UNGUARDED_AVAILABILITY = YES_AGGRESSIVE;
				CLANG_WARN_UNREACHABLE_CODE = YES;
				CLANG_WARN__DUPLICATE_METHOD_MATCH = YES;
				CODE_SIGN_IDENTITY = "iPhone Developer";
				COPY_PHASE_STRIP = NO;
				DEBUG_INFORMATION_FORMAT = dwarf;
				ENABLE_STRICT_OBJC_MSGSEND = YES;
				ENABLE_TESTABILITY = YES;
				GCC_C_LANGUAGE_STANDARD = gnu11;
				GCC_DYNAMIC_NO_PIC = NO;
				GCC_NO_COMMON_BLOCKS = YES;
				GCC_OPTIMIZATION_LEVEL = 0;
				GCC_PREPROCESSOR_DEFINITIONS = (
					"DEBUG=1",
					"$(inherited)",
				);
				GCC_WARN_64_TO_32_BIT_CONVERSION = YES;
				GCC_WARN_ABOUT_RETURN_TYPE = YES_ERROR;
				GCC_WARN_UNDECLARED_SELECTOR = YES;
				GCC_WARN_UNINITIALIZED_AUTOS = YES_AGGRESSIVE;
				GCC_WARN_UNUSED_FUNCTION = YES;
				GCC_WARN_UNUSED_VARIABLE = YES;
				IPHONEOS_DEPLOYMENT_TARGET = 12.1;
				MTL_ENABLE_DEBUG_INFO = INCLUDE_SOURCE;
				MTL_FAST_MATH = YES;
				ONLY_ACTIVE_ARCH = YES;
				SDKROOT = iphoneos;
				SWIFT_ACTIVE_COMPILATION_CONDITIONS = DEBUG;
				SWIFT_OPTIMIZATION_LEVEL = "-Onone";
			};
			name = Debug;
		};
		6D9B89EF21EACF72001FEDDB /* Release */ = {
			isa = XCBuildConfiguration;
			buildSettings = {
				ALWAYS_SEARCH_USER_PATHS = NO;
				CLANG_ANALYZER_NONNULL = YES;
				CLANG_ANALYZER_NUMBER_OBJECT_CONVERSION = YES_AGGRESSIVE;
				CLANG_CXX_LANGUAGE_STANDARD = "gnu++14";
				CLANG_CXX_LIBRARY = "libc++";
				CLANG_ENABLE_MODULES = YES;
				CLANG_ENABLE_OBJC_ARC = YES;
				CLANG_ENABLE_OBJC_WEAK = YES;
				CLANG_WARN_BLOCK_CAPTURE_AUTORELEASING = YES;
				CLANG_WARN_BOOL_CONVERSION = YES;
				CLANG_WARN_COMMA = YES;
				CLANG_WARN_CONSTANT_CONVERSION = YES;
				CLANG_WARN_DEPRECATED_OBJC_IMPLEMENTATIONS = YES;
				CLANG_WARN_DIRECT_OBJC_ISA_USAGE = YES_ERROR;
				CLANG_WARN_DOCUMENTATION_COMMENTS = YES;
				CLANG_WARN_EMPTY_BODY = YES;
				CLANG_WARN_ENUM_CONVERSION = YES;
				CLANG_WARN_INFINITE_RECURSION = YES;
				CLANG_WARN_INT_CONVERSION = YES;
				CLANG_WARN_NON_LITERAL_NULL_CONVERSION = YES;
				CLANG_WARN_OBJC_IMPLICIT_RETAIN_SELF = YES;
				CLANG_WARN_OBJC_LITERAL_CONVERSION = YES;
				CLANG_WARN_OBJC_ROOT_CLASS = YES_ERROR;
				CLANG_WARN_RANGE_LOOP_ANALYSIS = YES;
				CLANG_WARN_STRICT_PROTOTYPES = YES;
				CLANG_WARN_SUSPICIOUS_MOVE = YES;
				CLANG_WARN_UNGUARDED_AVAILABILITY = YES_AGGRESSIVE;
				CLANG_WARN_UNREACHABLE_CODE = YES;
				CLANG_WARN__DUPLICATE_METHOD_MATCH = YES;
				CODE_SIGN_IDENTITY = "iPhone Developer";
				COPY_PHASE_STRIP = NO;
				DEBUG_INFORMATION_FORMAT = "dwarf-with-dsym";
				ENABLE_NS_ASSERTIONS = NO;
				ENABLE_STRICT_OBJC_MSGSEND = YES;
				GCC_C_LANGUAGE_STANDARD = gnu11;
				GCC_NO_COMMON_BLOCKS = YES;
				GCC_WARN_64_TO_32_BIT_CONVERSION = YES;
				GCC_WARN_ABOUT_RETURN_TYPE = YES_ERROR;
				GCC_WARN_UNDECLARED_SELECTOR = YES;
				GCC_WARN_UNINITIALIZED_AUTOS = YES_AGGRESSIVE;
				GCC_WARN_UNUSED_FUNCTION = YES;
				GCC_WARN_UNUSED_VARIABLE = YES;
				IPHONEOS_DEPLOYMENT_TARGET = 12.1;
				MTL_ENABLE_DEBUG_INFO = NO;
				MTL_FAST_MATH = YES;
				SDKROOT = iphoneos;
				SWIFT_COMPILATION_MODE = wholemodule;
				SWIFT_OPTIMIZATION_LEVEL = "-O";
				VALIDATE_PRODUCT = YES;
			};
			name = Release;
		};
		6D9B89F121EACF72001FEDDB /* Debug */ = {
			isa = XCBuildConfiguration;
			buildSettings = {
				ASSETCATALOG_COMPILER_APPICON_NAME = AppIcon;
				CODE_SIGN_STYLE = Automatic;
				INFOPLIST_FILE = Flix/Info.plist;
				LD_RUNPATH_SEARCH_PATHS = (
					"$(inherited)",
					"@executable_path/Frameworks",
				);
				PRODUCT_BUNDLE_IDENTIFIER = com.example.Flix;
				PRODUCT_NAME = "$(TARGET_NAME)";
				SWIFT_VERSION = 4.2;
				TARGETED_DEVICE_FAMILY = "1,2";
			};
			name = Debug;
		};
		6D9B89F221EACF72001FEDDB /* Release */ = {
			isa = XCBuildConfiguration;
			buildSettings = {
				ASSETCATALOG_COMPILER_APPICON_NAME = AppIcon;
				CODE_SIGN_STYLE = Automatic;
				INFOPLIST_FILE = Flix/Info.plist;
				LD_RUNPATH_SEARCH_PATHS = (
					"$(inherited)",
					"@executable_path/Frameworks",
				);
				PRODUCT_BUNDLE_IDENTIFIER = com.example.Flix;
				PRODUCT_NAME = "$(TARGET_NAME)";
				SWIFT_VERSION = 4.2;
				TARGETED_DEVICE_FAMILY = "1,2";
			};
			name = Release;
		};
		6D9B89F421EACF72001FEDDB /* Debug */ = {
			isa = XCBuildConfiguration;
			buildSettings = {
				ALWAYS_EMBED_SWIFT_STANDARD_LIBRARIES = YES;
				BUNDLE_LOADER = "$(TEST_HOST)";
				CODE_SIGN_STYLE = Automatic;
				INFOPLIST_FILE = FlixTests/Info.plist;
				LD_RUNPATH_SEARCH_PATHS = (
					"$(inherited)",
					"@executable_path/Frameworks",
					"@loader_path/Frameworks",
				);
				PRODUCT_BUNDLE_IDENTIFIER = com.example.FlixTests;
				PRODUCT_NAME = "$(TARGET_NAME)";
				SWIFT_VERSION = 4.2;
				TARGETED_DEVICE_FAMILY = "1,2";
				TEST_HOST = "$(BUILT_PRODUCTS_DIR)/Flix.app/Flix";
			};
			name = Debug;
		};
		6D9B89F521EACF72001FEDDB /* Release */ = {
			isa = XCBuildConfiguration;
			buildSettings = {
				ALWAYS_EMBED_SWIFT_STANDARD_LIBRARIES = YES;
				BUNDLE_LOADER = "$(TEST_HOST)";
				CODE_SIGN_STYLE = Automatic;
				INFOPLIST_FILE = FlixTests/Info.plist;
				LD_RUNPATH_SEARCH_PATHS = (
					"$(inherited)",
					"@executable_path/Frameworks",
					"@loader_path/Frameworks",
				);
				PRODUCT_BUNDLE_IDENTIFIER = com.example.FlixTests;
				PRODUCT_NAME = "$(TARGET_NAME)";
				SWIFT_VERSION = 4.2;
				TARGETED_DEVICE_FAMILY = "1,2";
				TEST_HOST = "$(BUILT_PRODUCTS_DIR)/Flix.app/Flix";
			};
			name = Release;
		};
		6D9B89F721EACF72001FEDDB /* Debug */ = {
			isa = XCBuildConfiguration;
			buildSettings = {
				ALWAYS_EMBED_SWIFT_STANDARD_LIBRARIES = YES;
				CODE_SIGN_STYLE = Automatic;
				INFOPLIST_FILE = FlixUITests/Info.plist;
				LD_RUNPATH_SEARCH_PATHS = (
					"$(inherited)",
					"@executable_path/Frameworks",
					"@loader_path/Frameworks",
				);
				PRODUCT_BUNDLE_IDENTIFIER = com.example.FlixUITests;
				PRODUCT_NAME = "$(TARGET_NAME)";
				SWIFT_VERSION = 4.2;
				TARGETED_DEVICE_FAMILY = "1,2";
				TEST_TARGET_NAME = Flix;
			};
			name = Debug;
		};
		6D9B89F821EACF72001FEDDB /* Release */ = {
			isa = XCBuildConfiguration;
			buildSettings = {
				ALWAYS_EMBED_SWIFT_STANDARD_LIBRARIES = YES;
				CODE_SIGN_STYLE = Automatic;
				INFOPLIST_FILE = FlixUITests/Info.plist;
				LD_RUNPATH_SEARCH_PATHS = (
					"$(inherited)",
					"@executable_path/Frameworks",
					"@loader_path/Frameworks",
				);
				PRODUCT_BUNDLE_IDENTIFIER = com.example.FlixUITests;
				PRODUCT_NAME = "$(TARGET_NAME)";
				SWIFT_VERSION = 4.2;
				TARGETED_DEVICE_FAMILY = "1,2";
				TEST_TARGET_NAME = Flix;
			};
			name = Release;
		};
/* End XCBuildConfiguration section */

/* Begin XCConfigurationList section */
		6D9B89C321EACF70001FEDDB /* Build configuration list for PBXProject "Flix" */ = {
			isa = XCConfigurationList;
			buildConfigurations = (
				6D9B89EE21EACF72001FEDDB /* Debug */,
				6D9B89EF21EACF72001FEDDB /* Release */,
			);
			defaultConfigurationIsVisible = 0;
			defaultConfigurationName = Release;
		};
		6D9B89F021EACF72001FEDDB /* Build configuration list for PBXNativeTarget "Flix" */ = {
			isa = XCConfigurationList;
			buildConfigurations = (
				6D9B89F121EACF72001FEDDB /* Debug */,
				6D9B89F221EACF72001FEDDB /* Release */,
			);
			defaultConfigurationIsVisible = 0;
			defaultConfigurationName = Release;
		};
		6D9B89F321EACF72001FEDDB /* Build configuration list for PBXNativeTarget "FlixTests" */ = {
			isa = XCConfigurationList;
			buildConfigurations = (
				6D9B89F421EACF72001FEDDB /* Debug */,
				6D9B89F521EACF72001FEDDB /* Release */,
			);
			defaultConfigurationIsVisible = 0;
			defaultConfigurationName = Release;
		};
		6D9B89F621EACF72001FEDDB /* Build configuration list for PBXNativeTarget "FlixUITests" */ = {
			isa = XCConfigurationList;
			buildConfigurations = (
				6D9B89F721EACF72001FEDDB /* Debug */,
				6D9B89F821EACF72001FEDDB /* Release */,
			);
			defaultConfigurationIsVisible = 0;
			defaultConfigurationName = Release;
		};
/* End XCConfigurationList section */
	};
	rootObject = 6D9B89C021EACF70001FEDDB /* Project object */;
}
